// !$*UTF8*$!
{
	archiveVersion = 1;
	classes = {
	};
	objectVersion = 48;
	objects = {

/* Begin PBXBuildFile section */
		CFDD0B1E1FCFFCF200056E8F /* AppDelegate.swift in Sources */ = {isa = PBXBuildFile; fileRef = CFDD0B1D1FCFFCF200056E8F /* AppDelegate.swift */; };
		CFDD0B201FCFFCF200056E8F /* ViewController.swift in Sources */ = {isa = PBXBuildFile; fileRef = CFDD0B1F1FCFFCF200056E8F /* ViewController.swift */; };
		CFDD0B231FCFFCF300056E8F /* Main.storyboard in Resources */ = {isa = PBXBuildFile; fileRef = CFDD0B211FCFFCF300056E8F /* Main.storyboard */; };
		CFDD0B251FCFFCF300056E8F /* Assets.xcassets in Resources */ = {isa = PBXBuildFile; fileRef = CFDD0B241FCFFCF300056E8F /* Assets.xcassets */; };
		CFDD0B281FCFFCF300056E8F /* LaunchScreen.storyboard in Resources */ = {isa = PBXBuildFile; fileRef = CFDD0B261FCFFCF300056E8F /* LaunchScreen.storyboard */; };
/* End PBXBuildFile section */

/* Begin PBXFileReference section */
		CFDD0B1A1FCFFCF200056E8F /* DouYuZb.app */ = {isa = PBXFileReference; explicitFileType = wrapper.application; includeInIndex = 0; path = DouYuZb.app; sourceTree = BUILT_PRODUCTS_DIR; };
		CFDD0B1D1FCFFCF200056E8F /* AppDelegate.swift */ = {isa = PBXFileReference; lastKnownFileType = sourcecode.swift; path = AppDelegate.swift; sourceTree = "<group>"; };
		CFDD0B1F1FCFFCF200056E8F /* ViewController.swift */ = {isa = PBXFileReference; lastKnownFileType = sourcecode.swift; path = ViewController.swift; sourceTree = "<group>"; };
		CFDD0B221FCFFCF300056E8F /* Base */ = {isa = PBXFileReference; lastKnownFileType = file.storyboard; name = Base; path = Base.lproj/Main.storyboard; sourceTree = "<group>"; };
		CFDD0B241FCFFCF300056E8F /* Assets.xcassets */ = {isa = PBXFileReference; lastKnownFileType = folder.assetcatalog; path = Assets.xcassets; sourceTree = "<group>"; };
		CFDD0B271FCFFCF300056E8F /* Base */ = {isa = PBXFileReference; lastKnownFileType = file.storyboard; name = Base; path = Base.lproj/LaunchScreen.storyboard; sourceTree = "<group>"; };
		CFDD0B291FCFFCF300056E8F /* Info.plist */ = {isa = PBXFileReference; lastKnownFileType = text.plist.xml; path = Info.plist; sourceTree = "<group>"; };
/* End PBXFileReference section */

/* Begin PBXFrameworksBuildPhase section */
		CFDD0B171FCFFCF200056E8F /* Frameworks */ = {
			isa = PBXFrameworksBuildPhase;
			buildActionMask = 2147483647;
			files = (
			);
			runOnlyForDeploymentPostprocessing = 0;
		};
/* End PBXFrameworksBuildPhase section */

/* Begin PBXGroup section */
		CFDD0B111FCFFCF200056E8F = {
			isa = PBXGroup;
			children = (
				CFDD0B1C1FCFFCF200056E8F /* DouYuZb */,
				CFDD0B1B1FCFFCF200056E8F /* Products */,
			);
			sourceTree = "<group>";
		};
		CFDD0B1B1FCFFCF200056E8F /* Products */ = {
			isa = PBXGroup;
			children = (
				CFDD0B1A1FCFFCF200056E8F /* DouYuZb.app */,
			);
			name = Products;
			sourceTree = "<group>";
		};
		CFDD0B1C1FCFFCF200056E8F /* DouYuZb */ = {
			isa = PBXGroup;
			children = (
				CFDD0B1D1FCFFCF200056E8F /* AppDelegate.swift */,
				CFDD0B1F1FCFFCF200056E8F /* ViewController.swift */,
				CFDD0B211FCFFCF300056E8F /* Main.storyboard */,
				CFDD0B241FCFFCF300056E8F /* Assets.xcassets */,
				CFDD0B261FCFFCF300056E8F /* LaunchScreen.storyboard */,
				CFDD0B291FCFFCF300056E8F /* Info.plist */,
			);
			path = DouYuZb;
			sourceTree = "<group>";
		};
/* End PBXGroup section */

/* Begin PBXNativeTarget section */
		CFDD0B191FCFFCF200056E8F /* DouYuZb */ = {
			isa = PBXNativeTarget;
			buildConfigurationList = CFDD0B2C1FCFFCF300056E8F /* Build configuration list for PBXNativeTarget "DouYuZb" */;
			buildPhases = (
				CFDD0B161FCFFCF200056E8F /* Sources */,
				CFDD0B171FCFFCF200056E8F /* Frameworks */,
				CFDD0B181FCFFCF200056E8F /* Resources */,
			);
			buildRules = (
			);
			dependencies = (
			);
			name = DouYuZb;
			productName = DouYuZb;
			productReference = CFDD0B1A1FCFFCF200056E8F /* DouYuZb.app */;
			productType = "com.apple.product-type.application";
		};
/* End PBXNativeTarget section */

/* Begin PBXProject section */
		CFDD0B121FCFFCF200056E8F /* Project object */ = {
			isa = PBXProject;
			attributes = {
				LastSwiftUpdateCheck = 0910;
				LastUpgradeCheck = 0910;
				ORGANIZATIONNAME = "谢弘庆";
				TargetAttributes = {
					CFDD0B191FCFFCF200056E8F = {
						CreatedOnToolsVersion = 9.1;
						ProvisioningStyle = Automatic;
					};
				};
			};
			buildConfigurationList = CFDD0B151FCFFCF200056E8F /* Build configuration list for PBXProject "DouYuZb" */;
			compatibilityVersion = "Xcode 8.0";
			developmentRegion = en;
			hasScannedForEncodings = 0;
			knownRegions = (
				en,
				Base,
			);
			mainGroup = CFDD0B111FCFFCF200056E8F;
			productRefGroup = CFDD0B1B1FCFFCF200056E8F /* Products */;
			projectDirPath = "";
			projectRoot = "";
			targets = (
				CFDD0B191FCFFCF200056E8F /* DouYuZb */,
			);
		};
/* End PBXProject section */

/* Begin PBXResourcesBuildPhase section */
		CFDD0B181FCFFCF200056E8F /* Resources */ = {
			isa = PBXResourcesBuildPhase;
			buildActionMask = 2147483647;
			files = (
				CFDD0B281FCFFCF300056E8F /* LaunchScreen.storyboard in Resources */,
				CFDD0B251FCFFCF300056E8F /* Assets.xcassets in Resources */,
				CFDD0B231FCFFCF300056E8F /* Main.storyboard in Resources */,
			);
			runOnlyForDeploymentPostprocessing = 0;
		};
/* End PBXResourcesBuildPhase section */

/* Begin PBXSourcesBuildPhase section */
		CFDD0B161FCFFCF200056E8F /* Sources */ = {
			isa = PBXSourcesBuildPhase;
			buildActionMask = 2147483647;
			files = (
				CFDD0B201FCFFCF200056E8F /* ViewController.swift in Sources */,
				CFDD0B1E1FCFFCF200056E8F /* AppDelegate.swift in Sources */,
			);
			runOnlyForDeploymentPostprocessing = 0;
		};
/* End PBXSourcesBuildPhase section */

/* Begin PBXVariantGroup section */
		CFDD0B211FCFFCF300056E8F /* Main.storyboard */ = {
			isa = PBXVariantGroup;
			children = (
				CFDD0B221FCFFCF300056E8F /* Base */,
			);
			name = Main.storyboard;
			sourceTree = "<group>";
		};
		CFDD0B261FCFFCF300056E8F /* LaunchScreen.storyboard */ = {
			isa = PBXVariantGroup;
			children = (
				CFDD0B271FCFFCF300056E8F /* Base */,
			);
			name = LaunchScreen.storyboard;
			sourceTree = "<group>";
		};
/* End PBXVariantGroup section */

/* Begin XCBuildConfiguration section */
		CFDD0B2A1FCFFCF300056E8F /* Debug */ = {
			isa = XCBuildConfiguration;
			buildSettings = {
				ALWAYS_SEARCH_USER_PATHS = NO;
				CLANG_ANALYZER_NONNULL = YES;
				CLANG_ANALYZER_NUMBER_OBJECT_CONVERSION = YES_AGGRESSIVE;
				CLANG_CXX_LANGUAGE_STANDARD = "gnu++14";
				CLANG_CXX_LIBRARY = "libc++";
				CLANG_ENABLE_MODULES = YES;
				CLANG_ENABLE_OBJC_ARC = YES;
				CLANG_WARN_BLOCK_CAPTURE_AUTORELEASING = YES;
				CLANG_WARN_BOOL_CONVERSION = YES;
				CLANG_WARN_COMMA = YES;
				CLANG_WARN_CONSTANT_CONVERSION = YES;
				CLANG_WARN_DIRECT_OBJC_ISA_USAGE = YES_ERROR;
				CLANG_WARN_DOCUMENTATION_COMMENTS = YES;
				CLANG_WARN_EMPTY_BODY = YES;
				CLANG_WARN_ENUM_CONVERSION = YES;
				CLANG_WARN_INFINITE_RECURSION = YES;
				CLANG_WARN_INT_CONVERSION = YES;
				CLANG_WARN_NON_LITERAL_NULL_CONVERSION = YES;
				CLANG_WARN_OBJC_LITERAL_CONVERSION = YES;
				CLANG_WARN_OBJC_ROOT_CLASS = YES_ERROR;
				CLANG_WARN_RANGE_LOOP_ANALYSIS = YES;
				CLANG_WARN_STRICT_PROTOTYPES = YES;
				CLANG_WARN_SUSPICIOUS_MOVE = YES;
				CLANG_WARN_UNGUARDED_AVAILABILITY = YES_AGGRESSIVE;
				CLANG_WARN_UNREACHABLE_CODE = YES;
				CLANG_WARN__DUPLICATE_METHOD_MATCH = YES;
				CODE_SIGN_IDENTITY = "iPhone Developer";
				COPY_PHASE_STRIP = NO;
				DEBUG_INFORMATION_FORMAT = dwarf;
				ENABLE_STRICT_OBJC_MSGSEND = YES;
				ENABLE_TESTABILITY = YES;
				GCC_C_LANGUAGE_STANDARD = gnu11;
				GCC_DYNAMIC_NO_PIC = NO;
				GCC_NO_COMMON_BLOCKS = YES;
				GCC_OPTIMIZATION_LEVEL = 0;
				GCC_PREPROCESSOR_DEFINITIONS = (
					"DEBUG=1",
					"$(inherited)",
				);
				GCC_WARN_64_TO_32_BIT_CONVERSION = YES;
				GCC_WARN_ABOUT_RETURN_TYPE = YES_ERROR;
				GCC_WARN_UNDECLARED_SELECTOR = YES;
				GCC_WARN_UNINITIALIZED_AUTOS = YES_AGGRESSIVE;
				GCC_WARN_UNUSED_FUNCTION = YES;
				GCC_WARN_UNUSED_VARIABLE = YES;
				IPHONEOS_DEPLOYMENT_TARGET = 11.1;
				MTL_ENABLE_DEBUG_INFO = YES;
				ONLY_ACTIVE_ARCH = YES;
				SDKROOT = iphoneos;
				SWIFT_ACTIVE_COMPILATION_CONDITIONS = DEBUG;
				SWIFT_OPTIMIZATION_LEVEL = "-Onone";
			};
			name = Debug;
		};
		CFDD0B2B1FCFFCF300056E8F /* Release */ = {
			isa = XCBuildConfiguration;
			buildSettings = {
				ALWAYS_SEARCH_USER_PATHS = NO;
				CLANG_ANALYZER_NONNULL = YES;
				CLANG_ANALYZER_NUMBER_OBJECT_CONVERSION = YES_AGGRESSIVE;
				CLANG_CXX_LANGUAGE_STANDARD = "gnu++14";
				CLANG_CXX_LIBRARY = "libc++";
				CLANG_ENABLE_MODULES = YES;
				CLANG_ENABLE_OBJC_ARC = YES;
				CLANG_WARN_BLOCK_CAPTURE_AUTORELEASING = YES;
				CLANG_WARN_BOOL_CONVERSION = YES;
				CLANG_WARN_COMMA = YES;
				CLANG_WARN_CONSTANT_CONVERSION = YES;
				CLANG_WARN_DIRECT_OBJC_ISA_USAGE = YES_ERROR;
				CLANG_WARN_DOCUMENTATION_COMMENTS = YES;
				CLANG_WARN_EMPTY_BODY = YES;
				CLANG_WARN_ENUM_CONVERSION = YES;
				CLANG_WARN_INFINITE_RECURSION = YES;
				CLANG_WARN_INT_CONVERSION = YES;
				CLANG_WARN_NON_LITERAL_NULL_CONVERSION = YES;
				CLANG_WARN_OBJC_LITERAL_CONVERSION = YES;
				CLANG_WARN_OBJC_ROOT_CLASS = YES_ERROR;
				CLANG_WARN_RANGE_LOOP_ANALYSIS = YES;
				CLANG_WARN_STRICT_PROTOTYPES = YES;
				CLANG_WARN_SUSPICIOUS_MOVE = YES;
				CLANG_WARN_UNGUARDED_AVAILABILITY = YES_AGGRESSIVE;
				CLANG_WARN_UNREACHABLE_CODE = YES;
				CLANG_WARN__DUPLICATE_METHOD_MATCH = YES;
				CODE_SIGN_IDENTITY = "iPhone Developer";
				COPY_PHASE_STRIP = NO;
				DEBUG_INFORMATION_FORMAT = "dwarf-with-dsym";
				ENABLE_NS_ASSERTIONS = NO;
				ENABLE_STRICT_OBJC_MSGSEND = YES;
				GCC_C_LANGUAGE_STANDARD = gnu11;
				GCC_NO_COMMON_BLOCKS = YES;
				GCC_WARN_64_TO_32_BIT_CONVERSION = YES;
				GCC_WARN_ABOUT_RETURN_TYPE = YES_ERROR;
				GCC_WARN_UNDECLARED_SELECTOR = YES;
				GCC_WARN_UNINITIALIZED_AUTOS = YES_AGGRESSIVE;
				GCC_WARN_UNUSED_FUNCTION = YES;
				GCC_WARN_UNUSED_VARIABLE = YES;
				IPHONEOS_DEPLOYMENT_TARGET = 11.1;
				MTL_ENABLE_DEBUG_INFO = NO;
				SDKROOT = iphoneos;
				SWIFT_OPTIMIZATION_LEVEL = "-Owholemodule";
				VALIDATE_PRODUCT = YES;
			};
			name = Release;
		};
		CFDD0B2D1FCFFCF300056E8F /* Debug */ = {
			isa = XCBuildConfiguration;
			buildSettings = {
				ASSETCATALOG_COMPILER_APPICON_NAME = AppIcon;
				CODE_SIGN_STYLE = Automatic;
				DEVELOPMENT_TEAM = CL6K846MPT;
				INFOPLIST_FILE = DouYuZb/Info.plist;
				LD_RUNPATH_SEARCH_PATHS = "$(inherited) @executable_path/Frameworks";
				PRODUCT_BUNDLE_IDENTIFIER = jxkj.DouYuZb;
				PRODUCT_NAME = "$(TARGET_NAME)";
				SWIFT_VERSION = 4.0;
				TARGETED_DEVICE_FAMILY = "1,2";
			};
			name = Debug;
		};
		CFDD0B2E1FCFFCF300056E8F /* Release */ = {
			isa = XCBuildConfiguration;
			buildSettings = {
				ASSETCATALOG_COMPILER_APPICON_NAME = AppIcon;
				CODE_SIGN_STYLE = Automatic;
				DEVELOPMENT_TEAM = CL6K846MPT;
				INFOPLIST_FILE = DouYuZb/Info.plist;
				LD_RUNPATH_SEARCH_PATHS = "$(inherited) @executable_path/Frameworks";
				PRODUCT_BUNDLE_IDENTIFIER = jxkj.DouYuZb;
				PRODUCT_NAME = "$(TARGET_NAME)";
				SWIFT_VERSION = 4.0;
				TARGETED_DEVICE_FAMILY = "1,2";
			};
			name = Release;
		};
/* End XCBuildConfiguration section */

/* Begin XCConfigurationList section */
		CFDD0B151FCFFCF200056E8F /* Build configuration list for PBXProject "DouYuZb" */ = {
			isa = XCConfigurationList;
			buildConfigurations = (
				CFDD0B2A1FCFFCF300056E8F /* Debug */,
				CFDD0B2B1FCFFCF300056E8F /* Release */,
			);
			defaultConfigurationIsVisible = 0;
			defaultConfigurationName = Release;
		};
		CFDD0B2C1FCFFCF300056E8F /* Build configuration list for PBXNativeTarget "DouYuZb" */ = {
			isa = XCConfigurationList;
			buildConfigurations = (
				CFDD0B2D1FCFFCF300056E8F /* Debug */,
				CFDD0B2E1FCFFCF300056E8F /* Release */,
			);
			defaultConfigurationIsVisible = 0;
			defaultConfigurationName = Release;
		};
/* End XCConfigurationList section */
	};
	rootObject = CFDD0B121FCFFCF200056E8F /* Project object */;
}
